// !$*UTF8*$!
{
	archiveVersion = 1;
	classes = {
	};
	objectVersion = 77;
	objects = {

/* Begin PBXContainerItemProxy section */
		765BCDD12CE7AE12006EAF41 /* PBXContainerItemProxy */ = {
			isa = PBXContainerItemProxy;
			containerPortal = 765BCDB72CE7AE11006EAF41 /* Project object */;
			proxyType = 1;
			remoteGlobalIDString = 765BCDBE2CE7AE11006EAF41;
			remoteInfo = "daily-wallpaper-macos-extension";
		};
		765BCDDB2CE7AE13006EAF41 /* PBXContainerItemProxy */ = {
			isa = PBXContainerItemProxy;
			containerPortal = 765BCDB72CE7AE11006EAF41 /* Project object */;
			proxyType = 1;
			remoteGlobalIDString = 765BCDBE2CE7AE11006EAF41;
			remoteInfo = "daily-wallpaper-macos-extension";
		};
/* End PBXContainerItemProxy section */

/* Begin PBXFileReference section */
		765BCDBF2CE7AE11006EAF41 /* daily-wallpaper-macos-extension.app */ = {isa = PBXFileReference; explicitFileType = wrapper.application; includeInIndex = 0; path = "daily-wallpaper-macos-extension.app"; sourceTree = BUILT_PRODUCTS_DIR; };
		765BCDD02CE7AE12006EAF41 /* daily-wallpaper-macos-extensionTests.xctest */ = {isa = PBXFileReference; explicitFileType = wrapper.cfbundle; includeInIndex = 0; path = "daily-wallpaper-macos-extensionTests.xctest"; sourceTree = BUILT_PRODUCTS_DIR; };
		765BCDDA2CE7AE13006EAF41 /* daily-wallpaper-macos-extensionUITests.xctest */ = {isa = PBXFileReference; explicitFileType = wrapper.cfbundle; includeInIndex = 0; path = "daily-wallpaper-macos-extensionUITests.xctest"; sourceTree = BUILT_PRODUCTS_DIR; };
/* End PBXFileReference section */

/* Begin PBXFileSystemSynchronizedRootGroup section */
		765BCDC12CE7AE11006EAF41 /* daily-wallpaper-macos-extension */ = {
			isa = PBXFileSystemSynchronizedRootGroup;
			path = "daily-wallpaper-macos-extension";
			sourceTree = "<group>";
		};
		765BCDD32CE7AE12006EAF41 /* daily-wallpaper-macos-extensionTests */ = {
			isa = PBXFileSystemSynchronizedRootGroup;
			path = "daily-wallpaper-macos-extensionTests";
			sourceTree = "<group>";
		};
		765BCDDD2CE7AE13006EAF41 /* daily-wallpaper-macos-extensionUITests */ = {
			isa = PBXFileSystemSynchronizedRootGroup;
			path = "daily-wallpaper-macos-extensionUITests";
			sourceTree = "<group>";
		};
/* End PBXFileSystemSynchronizedRootGroup section */

/* Begin PBXFrameworksBuildPhase section */
		765BCDBC2CE7AE11006EAF41 /* Frameworks */ = {
			isa = PBXFrameworksBuildPhase;
			buildActionMask = 2147483647;
			files = (
			);
			runOnlyForDeploymentPostprocessing = 0;
		};
		765BCDCD2CE7AE12006EAF41 /* Frameworks */ = {
			isa = PBXFrameworksBuildPhase;
			buildActionMask = 2147483647;
			files = (
			);
			runOnlyForDeploymentPostprocessing = 0;
		};
		765BCDD72CE7AE13006EAF41 /* Frameworks */ = {
			isa = PBXFrameworksBuildPhase;
			buildActionMask = 2147483647;
			files = (
			);
			runOnlyForDeploymentPostprocessing = 0;
		};
/* End PBXFrameworksBuildPhase section */

/* Begin PBXGroup section */
		765BCDB62CE7AE11006EAF41 = {
			isa = PBXGroup;
			children = (
				765BCDC12CE7AE11006EAF41 /* daily-wallpaper-macos-extension */,
				765BCDD32CE7AE12006EAF41 /* daily-wallpaper-macos-extensionTests */,
				765BCDDD2CE7AE13006EAF41 /* daily-wallpaper-macos-extensionUITests */,
				765BCDC02CE7AE11006EAF41 /* Products */,
			);
			sourceTree = "<group>";
		};
		765BCDC02CE7AE11006EAF41 /* Products */ = {
			isa = PBXGroup;
			children = (
				765BCDBF2CE7AE11006EAF41 /* daily-wallpaper-macos-extension.app */,
				765BCDD02CE7AE12006EAF41 /* daily-wallpaper-macos-extensionTests.xctest */,
				765BCDDA2CE7AE13006EAF41 /* daily-wallpaper-macos-extensionUITests.xctest */,
			);
			name = Products;
			sourceTree = "<group>";
		};
/* End PBXGroup section */

/* Begin PBXNativeTarget section */
		765BCDBE2CE7AE11006EAF41 /* daily-wallpaper-macos-extension */ = {
			isa = PBXNativeTarget;
			buildConfigurationList = 765BCDE42CE7AE13006EAF41 /* Build configuration list for PBXNativeTarget "daily-wallpaper-macos-extension" */;
			buildPhases = (
				765BCDBB2CE7AE11006EAF41 /* Sources */,
				765BCDBC2CE7AE11006EAF41 /* Frameworks */,
				765BCDBD2CE7AE11006EAF41 /* Resources */,
			);
			buildRules = (
			);
			dependencies = (
			);
			fileSystemSynchronizedGroups = (
				765BCDC12CE7AE11006EAF41 /* daily-wallpaper-macos-extension */,
			);
			name = "daily-wallpaper-macos-extension";
			packageProductDependencies = (
			);
			productName = "daily-wallpaper-macos-extension";
			productReference = 765BCDBF2CE7AE11006EAF41 /* daily-wallpaper-macos-extension.app */;
			productType = "com.apple.product-type.application";
		};
		765BCDCF2CE7AE12006EAF41 /* daily-wallpaper-macos-extensionTests */ = {
			isa = PBXNativeTarget;
			buildConfigurationList = 765BCDE72CE7AE13006EAF41 /* Build configuration list for PBXNativeTarget "daily-wallpaper-macos-extensionTests" */;
			buildPhases = (
				765BCDCC2CE7AE12006EAF41 /* Sources */,
				765BCDCD2CE7AE12006EAF41 /* Frameworks */,
				765BCDCE2CE7AE12006EAF41 /* Resources */,
			);
			buildRules = (
			);
			dependencies = (
				765BCDD22CE7AE12006EAF41 /* PBXTargetDependency */,
			);
			fileSystemSynchronizedGroups = (
				765BCDD32CE7AE12006EAF41 /* daily-wallpaper-macos-extensionTests */,
			);
			name = "daily-wallpaper-macos-extensionTests";
			packageProductDependencies = (
			);
			productName = "daily-wallpaper-macos-extensionTests";
			productReference = 765BCDD02CE7AE12006EAF41 /* daily-wallpaper-macos-extensionTests.xctest */;
			productType = "com.apple.product-type.bundle.unit-test";
		};
		765BCDD92CE7AE13006EAF41 /* daily-wallpaper-macos-extensionUITests */ = {
			isa = PBXNativeTarget;
			buildConfigurationList = 765BCDEA2CE7AE13006EAF41 /* Build configuration list for PBXNativeTarget "daily-wallpaper-macos-extensionUITests" */;
			buildPhases = (
				765BCDD62CE7AE13006EAF41 /* Sources */,
				765BCDD72CE7AE13006EAF41 /* Frameworks */,
				765BCDD82CE7AE13006EAF41 /* Resources */,
			);
			buildRules = (
			);
			dependencies = (
				765BCDDC2CE7AE13006EAF41 /* PBXTargetDependency */,
			);
			fileSystemSynchronizedGroups = (
				765BCDDD2CE7AE13006EAF41 /* daily-wallpaper-macos-extensionUITests */,
			);
			name = "daily-wallpaper-macos-extensionUITests";
			packageProductDependencies = (
			);
			productName = "daily-wallpaper-macos-extensionUITests";
			productReference = 765BCDDA2CE7AE13006EAF41 /* daily-wallpaper-macos-extensionUITests.xctest */;
			productType = "com.apple.product-type.bundle.ui-testing";
		};
/* End PBXNativeTarget section */

/* Begin PBXProject section */
		765BCDB72CE7AE11006EAF41 /* Project object */ = {
			isa = PBXProject;
			attributes = {
				BuildIndependentTargetsInParallel = 1;
				LastSwiftUpdateCheck = 1610;
				LastUpgradeCheck = 1610;
				TargetAttributes = {
					765BCDBE2CE7AE11006EAF41 = {
						CreatedOnToolsVersion = 16.1;
					};
					765BCDCF2CE7AE12006EAF41 = {
						CreatedOnToolsVersion = 16.1;
						TestTargetID = 765BCDBE2CE7AE11006EAF41;
					};
					765BCDD92CE7AE13006EAF41 = {
						CreatedOnToolsVersion = 16.1;
						TestTargetID = 765BCDBE2CE7AE11006EAF41;
					};
				};
			};
			buildConfigurationList = 765BCDBA2CE7AE11006EAF41 /* Build configuration list for PBXProject "daily-wallpaper-macos-extension" */;
			developmentRegion = en;
			hasScannedForEncodings = 0;
			knownRegions = (
				en,
				Base,
			);
			mainGroup = 765BCDB62CE7AE11006EAF41;
			minimizedProjectReferenceProxies = 1;
			preferredProjectObjectVersion = 77;
			productRefGroup = 765BCDC02CE7AE11006EAF41 /* Products */;
			projectDirPath = "";
			projectRoot = "";
			targets = (
				765BCDBE2CE7AE11006EAF41 /* daily-wallpaper-macos-extension */,
				765BCDCF2CE7AE12006EAF41 /* daily-wallpaper-macos-extensionTests */,
				765BCDD92CE7AE13006EAF41 /* daily-wallpaper-macos-extensionUITests */,
			);
		};
/* End PBXProject section */

/* Begin PBXResourcesBuildPhase section */
		765BCDBD2CE7AE11006EAF41 /* Resources */ = {
			isa = PBXResourcesBuildPhase;
			buildActionMask = 2147483647;
			files = (
			);
			runOnlyForDeploymentPostprocessing = 0;
		};
		765BCDCE2CE7AE12006EAF41 /* Resources */ = {
			isa = PBXResourcesBuildPhase;
			buildActionMask = 2147483647;
			files = (
			);
			runOnlyForDeploymentPostprocessing = 0;
		};
		765BCDD82CE7AE13006EAF41 /* Resources */ = {
			isa = PBXResourcesBuildPhase;
			buildActionMask = 2147483647;
			files = (
			);
			runOnlyForDeploymentPostprocessing = 0;
		};
/* End PBXResourcesBuildPhase section */

/* Begin PBXSourcesBuildPhase section */
		765BCDBB2CE7AE11006EAF41 /* Sources */ = {
			isa = PBXSourcesBuildPhase;
			buildActionMask = 2147483647;
			files = (
			);
			runOnlyForDeploymentPostprocessing = 0;
		};
		765BCDCC2CE7AE12006EAF41 /* Sources */ = {
			isa = PBXSourcesBuildPhase;
			buildActionMask = 2147483647;
			files = (
			);
			runOnlyForDeploymentPostprocessing = 0;
		};
		765BCDD62CE7AE13006EAF41 /* Sources */ = {
			isa = PBXSourcesBuildPhase;
			buildActionMask = 2147483647;
			files = (
			);
			runOnlyForDeploymentPostprocessing = 0;
		};
/* End PBXSourcesBuildPhase section */

/* Begin PBXTargetDependency section */
		765BCDD22CE7AE12006EAF41 /* PBXTargetDependency */ = {
			isa = PBXTargetDependency;
			target = 765BCDBE2CE7AE11006EAF41 /* daily-wallpaper-macos-extension */;
			targetProxy = 765BCDD12CE7AE12006EAF41 /* PBXContainerItemProxy */;
		};
		765BCDDC2CE7AE13006EAF41 /* PBXTargetDependency */ = {
			isa = PBXTargetDependency;
			target = 765BCDBE2CE7AE11006EAF41 /* daily-wallpaper-macos-extension */;
			targetProxy = 765BCDDB2CE7AE13006EAF41 /* PBXContainerItemProxy */;
		};
/* End PBXTargetDependency section */

/* Begin XCBuildConfiguration section */
		765BCDE22CE7AE13006EAF41 /* Debug */ = {
			isa = XCBuildConfiguration;
			buildSettings = {
				ALWAYS_SEARCH_USER_PATHS = NO;
				ASSETCATALOG_COMPILER_GENERATE_SWIFT_ASSET_SYMBOL_EXTENSIONS = YES;
				CLANG_ANALYZER_NONNULL = YES;
				CLANG_ANALYZER_NUMBER_OBJECT_CONVERSION = YES_AGGRESSIVE;
				CLANG_CXX_LANGUAGE_STANDARD = "gnu++20";
				CLANG_ENABLE_MODULES = YES;
				CLANG_ENABLE_OBJC_ARC = YES;
				CLANG_ENABLE_OBJC_WEAK = YES;
				CLANG_WARN_BLOCK_CAPTURE_AUTORELEASING = YES;
				CLANG_WARN_BOOL_CONVERSION = YES;
				CLANG_WARN_COMMA = YES;
				CLANG_WARN_CONSTANT_CONVERSION = YES;
				CLANG_WARN_DEPRECATED_OBJC_IMPLEMENTATIONS = YES;
				CLANG_WARN_DIRECT_OBJC_ISA_USAGE = YES_ERROR;
				CLANG_WARN_DOCUMENTATION_COMMENTS = YES;
				CLANG_WARN_EMPTY_BODY = YES;
				CLANG_WARN_ENUM_CONVERSION = YES;
				CLANG_WARN_INFINITE_RECURSION = YES;
				CLANG_WARN_INT_CONVERSION = YES;
				CLANG_WARN_NON_LITERAL_NULL_CONVERSION = YES;
				CLANG_WARN_OBJC_IMPLICIT_RETAIN_SELF = YES;
				CLANG_WARN_OBJC_LITERAL_CONVERSION = YES;
				CLANG_WARN_OBJC_ROOT_CLASS = YES_ERROR;
				CLANG_WARN_QUOTED_INCLUDE_IN_FRAMEWORK_HEADER = YES;
				CLANG_WARN_RANGE_LOOP_ANALYSIS = YES;
				CLANG_WARN_STRICT_PROTOTYPES = YES;
				CLANG_WARN_SUSPICIOUS_MOVE = YES;
				CLANG_WARN_UNGUARDED_AVAILABILITY = YES_AGGRESSIVE;
				CLANG_WARN_UNREACHABLE_CODE = YES;
				CLANG_WARN__DUPLICATE_METHOD_MATCH = YES;
				COPY_PHASE_STRIP = NO;
				DEBUG_INFORMATION_FORMAT = dwarf;
				ENABLE_STRICT_OBJC_MSGSEND = YES;
				ENABLE_TESTABILITY = YES;
				ENABLE_USER_SCRIPT_SANDBOXING = YES;
				GCC_C_LANGUAGE_STANDARD = gnu17;
				GCC_DYNAMIC_NO_PIC = NO;
				GCC_NO_COMMON_BLOCKS = YES;
				GCC_OPTIMIZATION_LEVEL = 0;
				GCC_PREPROCESSOR_DEFINITIONS = (
					"DEBUG=1",
					"$(inherited)",
				);
				GCC_WARN_64_TO_32_BIT_CONVERSION = YES;
				GCC_WARN_ABOUT_RETURN_TYPE = YES_ERROR;
				GCC_WARN_UNDECLARED_SELECTOR = YES;
				GCC_WARN_UNINITIALIZED_AUTOS = YES_AGGRESSIVE;
				GCC_WARN_UNUSED_FUNCTION = YES;
				GCC_WARN_UNUSED_VARIABLE = YES;
				LOCALIZATION_PREFERS_STRING_CATALOGS = YES;
				MACOSX_DEPLOYMENT_TARGET = 15.1;
				MTL_ENABLE_DEBUG_INFO = INCLUDE_SOURCE;
				MTL_FAST_MATH = YES;
				ONLY_ACTIVE_ARCH = YES;
				SDKROOT = macosx;
				SWIFT_ACTIVE_COMPILATION_CONDITIONS = "DEBUG $(inherited)";
				SWIFT_OPTIMIZATION_LEVEL = "-Onone";
			};
			name = Debug;
		};
		765BCDE32CE7AE13006EAF41 /* Release */ = {
			isa = XCBuildConfiguration;
			buildSettings = {
				ALWAYS_SEARCH_USER_PATHS = NO;
				ASSETCATALOG_COMPILER_GENERATE_SWIFT_ASSET_SYMBOL_EXTENSIONS = YES;
				CLANG_ANALYZER_NONNULL = YES;
				CLANG_ANALYZER_NUMBER_OBJECT_CONVERSION = YES_AGGRESSIVE;
				CLANG_CXX_LANGUAGE_STANDARD = "gnu++20";
				CLANG_ENABLE_MODULES = YES;
				CLANG_ENABLE_OBJC_ARC = YES;
				CLANG_ENABLE_OBJC_WEAK = YES;
				CLANG_WARN_BLOCK_CAPTURE_AUTORELEASING = YES;
				CLANG_WARN_BOOL_CONVERSION = YES;
				CLANG_WARN_COMMA = YES;
				CLANG_WARN_CONSTANT_CONVERSION = YES;
				CLANG_WARN_DEPRECATED_OBJC_IMPLEMENTATIONS = YES;
				CLANG_WARN_DIRECT_OBJC_ISA_USAGE = YES_ERROR;
				CLANG_WARN_DOCUMENTATION_COMMENTS = YES;
				CLANG_WARN_EMPTY_BODY = YES;
				CLANG_WARN_ENUM_CONVERSION = YES;
				CLANG_WARN_INFINITE_RECURSION = YES;
				CLANG_WARN_INT_CONVERSION = YES;
				CLANG_WARN_NON_LITERAL_NULL_CONVERSION = YES;
				CLANG_WARN_OBJC_IMPLICIT_RETAIN_SELF = YES;
				CLANG_WARN_OBJC_LITERAL_CONVERSION = YES;
				CLANG_WARN_OBJC_ROOT_CLASS = YES_ERROR;
				CLANG_WARN_QUOTED_INCLUDE_IN_FRAMEWORK_HEADER = YES;
				CLANG_WARN_RANGE_LOOP_ANALYSIS = YES;
				CLANG_WARN_STRICT_PROTOTYPES = YES;
				CLANG_WARN_SUSPICIOUS_MOVE = YES;
				CLANG_WARN_UNGUARDED_AVAILABILITY = YES_AGGRESSIVE;
				CLANG_WARN_UNREACHABLE_CODE = YES;
				CLANG_WARN__DUPLICATE_METHOD_MATCH = YES;
				COPY_PHASE_STRIP = NO;
				DEBUG_INFORMATION_FORMAT = "dwarf-with-dsym";
				ENABLE_NS_ASSERTIONS = NO;
				ENABLE_STRICT_OBJC_MSGSEND = YES;
				ENABLE_USER_SCRIPT_SANDBOXING = YES;
				GCC_C_LANGUAGE_STANDARD = gnu17;
				GCC_NO_COMMON_BLOCKS = YES;
				GCC_WARN_64_TO_32_BIT_CONVERSION = YES;
				GCC_WARN_ABOUT_RETURN_TYPE = YES_ERROR;
				GCC_WARN_UNDECLARED_SELECTOR = YES;
				GCC_WARN_UNINITIALIZED_AUTOS = YES_AGGRESSIVE;
				GCC_WARN_UNUSED_FUNCTION = YES;
				GCC_WARN_UNUSED_VARIABLE = YES;
				LOCALIZATION_PREFERS_STRING_CATALOGS = YES;
				MACOSX_DEPLOYMENT_TARGET = 15.1;
				MTL_ENABLE_DEBUG_INFO = NO;
				MTL_FAST_MATH = YES;
				SDKROOT = macosx;
				SWIFT_COMPILATION_MODE = wholemodule;
			};
			name = Release;
		};
		765BCDE52CE7AE13006EAF41 /* Debug */ = {
			isa = XCBuildConfiguration;
			buildSettings = {
				ASSETCATALOG_COMPILER_APPICON_NAME = AppIcon;
				ASSETCATALOG_COMPILER_GLOBAL_ACCENT_COLOR_NAME = AccentColor;
				CODE_SIGN_ENTITLEMENTS = "daily-wallpaper-macos-extension/daily_wallpaper_macos_extension.entitlements";
				CODE_SIGN_STYLE = Automatic;
				COMBINE_HIDPI_IMAGES = YES;
				CURRENT_PROJECT_VERSION = 1;
				DEVELOPMENT_ASSET_PATHS = "\"daily-wallpaper-macos-extension/Preview Content\"";
				ENABLE_PREVIEWS = YES;
				GENERATE_INFOPLIST_FILE = YES;
				INFOPLIST_KEY_NSHumanReadableCopyright = "";
				LD_RUNPATH_SEARCH_PATHS = (
					"$(inherited)",
					"@executable_path/../Frameworks",
				);
				MARKETING_VERSION = 1.0;
				PRODUCT_BUNDLE_IDENTIFIER = "KuramaSyu.daily-wallpaper-macos-extension";
				PRODUCT_NAME = "$(TARGET_NAME)";
				SWIFT_EMIT_LOC_STRINGS = YES;
				SWIFT_VERSION = 5.0;
			};
			name = Debug;
		};
		765BCDE62CE7AE13006EAF41 /* Release */ = {
			isa = XCBuildConfiguration;
			buildSettings = {
				ASSETCATALOG_COMPILER_APPICON_NAME = AppIcon;
				ASSETCATALOG_COMPILER_GLOBAL_ACCENT_COLOR_NAME = AccentColor;
				CODE_SIGN_ENTITLEMENTS = "daily-wallpaper-macos-extension/daily_wallpaper_macos_extension.entitlements";
				CODE_SIGN_STYLE = Automatic;
				COMBINE_HIDPI_IMAGES = YES;
				CURRENT_PROJECT_VERSION = 1;
				DEVELOPMENT_ASSET_PATHS = "\"daily-wallpaper-macos-extension/Preview Content\"";
				ENABLE_PREVIEWS = YES;
				GENERATE_INFOPLIST_FILE = YES;
				INFOPLIST_KEY_NSHumanReadableCopyright = "";
				LD_RUNPATH_SEARCH_PATHS = (
					"$(inherited)",
					"@executable_path/../Frameworks",
				);
				MARKETING_VERSION = 1.0;
				PRODUCT_BUNDLE_IDENTIFIER = "KuramaSyu.daily-wallpaper-macos-extension";
				PRODUCT_NAME = "$(TARGET_NAME)";
				SWIFT_EMIT_LOC_STRINGS = YES;
				SWIFT_VERSION = 5.0;
			};
			name = Release;
		};
		765BCDE82CE7AE13006EAF41 /* Debug */ = {
			isa = XCBuildConfiguration;
			buildSettings = {
				BUNDLE_LOADER = "$(TEST_HOST)";
				CODE_SIGN_STYLE = Automatic;
				CURRENT_PROJECT_VERSION = 1;
				GENERATE_INFOPLIST_FILE = YES;
				MACOSX_DEPLOYMENT_TARGET = 15.1;
				MARKETING_VERSION = 1.0;
				PRODUCT_BUNDLE_IDENTIFIER = "KuramaSyu.daily-wallpaper-macos-extensionTests";
				PRODUCT_NAME = "$(TARGET_NAME)";
				SWIFT_EMIT_LOC_STRINGS = NO;
				SWIFT_VERSION = 5.0;
				TEST_HOST = "$(BUILT_PRODUCTS_DIR)/daily-wallpaper-macos-extension.app/$(BUNDLE_EXECUTABLE_FOLDER_PATH)/daily-wallpaper-macos-extension";
			};
			name = Debug;
		};
		765BCDE92CE7AE13006EAF41 /* Release */ = {
			isa = XCBuildConfiguration;
			buildSettings = {
				BUNDLE_LOADER = "$(TEST_HOST)";
				CODE_SIGN_STYLE = Automatic;
				CURRENT_PROJECT_VERSION = 1;
				GENERATE_INFOPLIST_FILE = YES;
				MACOSX_DEPLOYMENT_TARGET = 15.1;
				MARKETING_VERSION = 1.0;
				PRODUCT_BUNDLE_IDENTIFIER = "KuramaSyu.daily-wallpaper-macos-extensionTests";
				PRODUCT_NAME = "$(TARGET_NAME)";
				SWIFT_EMIT_LOC_STRINGS = NO;
				SWIFT_VERSION = 5.0;
				TEST_HOST = "$(BUILT_PRODUCTS_DIR)/daily-wallpaper-macos-extension.app/$(BUNDLE_EXECUTABLE_FOLDER_PATH)/daily-wallpaper-macos-extension";
			};
			name = Release;
		};
		765BCDEB2CE7AE13006EAF41 /* Debug */ = {
			isa = XCBuildConfiguration;
			buildSettings = {
				CODE_SIGN_STYLE = Automatic;
				CURRENT_PROJECT_VERSION = 1;
				GENERATE_INFOPLIST_FILE = YES;
				MARKETING_VERSION = 1.0;
				PRODUCT_BUNDLE_IDENTIFIER = "KuramaSyu.daily-wallpaper-macos-extensionUITests";
				PRODUCT_NAME = "$(TARGET_NAME)";
				SWIFT_EMIT_LOC_STRINGS = NO;
				SWIFT_VERSION = 5.0;
				TEST_TARGET_NAME = "daily-wallpaper-macos-extension";
			};
			name = Debug;
		};
		765BCDEC2CE7AE13006EAF41 /* Release */ = {
			isa = XCBuildConfiguration;
			buildSettings = {
				CODE_SIGN_STYLE = Automatic;
				CURRENT_PROJECT_VERSION = 1;
				GENERATE_INFOPLIST_FILE = YES;
				MARKETING_VERSION = 1.0;
				PRODUCT_BUNDLE_IDENTIFIER = "KuramaSyu.daily-wallpaper-macos-extensionUITests";
				PRODUCT_NAME = "$(TARGET_NAME)";
				SWIFT_EMIT_LOC_STRINGS = NO;
				SWIFT_VERSION = 5.0;
				TEST_TARGET_NAME = "daily-wallpaper-macos-extension";
			};
			name = Release;
		};
/* End XCBuildConfiguration section */

/* Begin XCConfigurationList section */
		765BCDBA2CE7AE11006EAF41 /* Build configuration list for PBXProject "daily-wallpaper-macos-extension" */ = {
			isa = XCConfigurationList;
			buildConfigurations = (
				765BCDE22CE7AE13006EAF41 /* Debug */,
				765BCDE32CE7AE13006EAF41 /* Release */,
			);
			defaultConfigurationIsVisible = 0;
			defaultConfigurationName = Release;
		};
		765BCDE42CE7AE13006EAF41 /* Build configuration list for PBXNativeTarget "daily-wallpaper-macos-extension" */ = {
			isa = XCConfigurationList;
			buildConfigurations = (
				765BCDE52CE7AE13006EAF41 /* Debug */,
				765BCDE62CE7AE13006EAF41 /* Release */,
			);
			defaultConfigurationIsVisible = 0;
			defaultConfigurationName = Release;
		};
		765BCDE72CE7AE13006EAF41 /* Build configuration list for PBXNativeTarget "daily-wallpaper-macos-extensionTests" */ = {
			isa = XCConfigurationList;
			buildConfigurations = (
				765BCDE82CE7AE13006EAF41 /* Debug */,
				765BCDE92CE7AE13006EAF41 /* Release */,
			);
			defaultConfigurationIsVisible = 0;
			defaultConfigurationName = Release;
		};
		765BCDEA2CE7AE13006EAF41 /* Build configuration list for PBXNativeTarget "daily-wallpaper-macos-extensionUITests" */ = {
			isa = XCConfigurationList;
			buildConfigurations = (
				765BCDEB2CE7AE13006EAF41 /* Debug */,
				765BCDEC2CE7AE13006EAF41 /* Release */,
			);
			defaultConfigurationIsVisible = 0;
			defaultConfigurationName = Release;
		};
/* End XCConfigurationList section */
	};
	rootObject = 765BCDB72CE7AE11006EAF41 /* Project object */;
}
